// !$*UTF8*$!
{
	archiveVersion = 1;
	classes = {
	};
	objectVersion = 48;
	objects = {

/* Begin PBXGroup section */
		03D497E81FD47E830042D9D3 = {
			isa = PBXGroup;
			children = (
			);
			sourceTree = "<group>";
		};
/* End PBXGroup section */

/* Begin PBXProject section */
		03D497E91FD47E830042D9D3 /* Project object */ = {
			isa = PBXProject;
			attributes = {
				LastUpgradeCheck = 0910;
			};
			buildConfigurationList = 03D497EC1FD47E830042D9D3 /* Build configuration list for PBXProject "PRI_XCODE" */;
			compatibilityVersion = "Xcode 8.0";
			developmentRegion = en;
			hasScannedForEncodings = 0;
			knownRegions = (
				en,
			);
			mainGroup = 03D497E81FD47E830042D9D3;
			projectDirPath = "";
			projectRoot = "";
			targets = (
			);
		};
/* End PBXProject section */

/* Begin XCBuildConfiguration section */
		03D497ED1FD47E830042D9D3 /* Debug */ = {
			isa = XCBuildConfiguration;
			buildSettings = {
			};
			name = Debug;
		};
		03D497EE1FD47E830042D9D3 /* Release */ = {
			isa = XCBuildConfiguration;
			buildSettings = {
			};
			name = Release;
		};
/* End XCBuildConfiguration section */

/* Begin XCConfigurationList section */
		03D497EC1FD47E830042D9D3 /* Build configuration list for PBXProject "PRI_XCODE" */ = {
			isa = XCConfigurationList;
			buildConfigurations = (
				03D497ED1FD47E830042D9D3 /* Debug */,
				03D497EE1FD47E830042D9D3 /* Release */,
			);
			defaultConfigurationIsVisible = 0;
			defaultConfigurationName = Release;
		};
/* End XCConfigurationList section */
	};
	rootObject = 03D497E91FD47E830042D9D3 /* Project object */;
}
